
Microsoft Visual Studio Solution File, Format Version 12.00
# Visual Studio 2012
Project("{FAE04EC0-301F-11D3-BF4B-00C04F79EFBC}") = "WcfTestClientConsole", "WcfTestClientConsole\WcfTestClientConsole.csproj", "{9E113BE2-F2CE-4E57-8CE8-751B787BE14E}"
EndProject
Global
	GlobalSection(SolutionConfigurationPlatforms) = preSolution
		Debug|Any CPU = Debug|Any CPU
		Release|Any CPU = Release|Any CPU
	EndGlobalSection
	GlobalSection(ProjectConfigurationPlatforms) = postSolution
		{9E113BE2-F2CE-4E57-8CE8-751B787BE14E}.Debug|Any CPU.ActiveCfg = Debug|Any CPU
		{9E113BE2-F2CE-4E57-8CE8-751B787BE14E}.Debug|Any CPU.Build.0 = Debug|Any CPU
		{9E113BE2-F2CE-4E57-8CE8-751B787BE14E}.Release|Any CPU.ActiveCfg = Release|Any CPU
		{9E113BE2-F2CE-4E57-8CE8-751B787BE14E}.Release|Any CPU.Build.0 = Release|Any CPU
	EndGlobalSection
	GlobalSection(SolutionProperties) = preSolution
		HideSolutionNode = FALSE
	EndGlobalSection
EndGlobal
